// !$*UTF8*$!
{
	archiveVersion = 1;
	classes = {
	};
	objectVersion = 46;
	objects = {

/* Begin PBXBuildFile section */
		3A2B07661ED5974700606953 /* BoardHandler.m in Sources */ = {isa = PBXBuildFile; fileRef = 3A2B07651ED5974700606953 /* BoardHandler.m */; };
		3A2B07691ED597A400606953 /* PinBoardOnDemandHandler.m in Sources */ = {isa = PBXBuildFile; fileRef = 3A2B07681ED597A400606953 /* PinBoardOnDemandHandler.m */; };
		3A2B076D1ED5A8D400606953 /* OnDemandCollectionViewCell.m in Sources */ = {isa = PBXBuildFile; fileRef = 3A2B076B1ED5A8D400606953 /* OnDemandCollectionViewCell.m */; };
		3A2B076E1ED5A8D400606953 /* OnDemandCollectionViewCell.xib in Resources */ = {isa = PBXBuildFile; fileRef = 3A2B076C1ED5A8D400606953 /* OnDemandCollectionViewCell.xib */; };
		3A302B9A1ED2B24B0088F7EE /* main.m in Sources */ = {isa = PBXBuildFile; fileRef = 3A302B991ED2B24B0088F7EE /* main.m */; };
		3A302B9D1ED2B24B0088F7EE /* AppDelegate.m in Sources */ = {isa = PBXBuildFile; fileRef = 3A302B9C1ED2B24B0088F7EE /* AppDelegate.m */; };
		3A302BA01ED2B24B0088F7EE /* ViewController.m in Sources */ = {isa = PBXBuildFile; fileRef = 3A302B9F1ED2B24B0088F7EE /* ViewController.m */; };
		3A302BA31ED2B24B0088F7EE /* Main.storyboard in Resources */ = {isa = PBXBuildFile; fileRef = 3A302BA11ED2B24B0088F7EE /* Main.storyboard */; };
		3A302BA51ED2B24B0088F7EE /* Assets.xcassets in Resources */ = {isa = PBXBuildFile; fileRef = 3A302BA41ED2B24B0088F7EE /* Assets.xcassets */; };
		3A302BA81ED2B24B0088F7EE /* LaunchScreen.storyboard in Resources */ = {isa = PBXBuildFile; fileRef = 3A302BA61ED2B24B0088F7EE /* LaunchScreen.storyboard */; };
		3A302BB31ED2B24C0088F7EE /* Mind_Valley_TaskTests.m in Sources */ = {isa = PBXBuildFile; fileRef = 3A302BB21ED2B24C0088F7EE /* Mind_Valley_TaskTests.m */; };
		3A302BBE1ED2B24C0088F7EE /* Mind_Valley_TaskUITests.m in Sources */ = {isa = PBXBuildFile; fileRef = 3A302BBD1ED2B24C0088F7EE /* Mind_Valley_TaskUITests.m */; };
		3A302BCF1ED2BBC50088F7EE /* PinboardCollectionViewCell.m in Sources */ = {isa = PBXBuildFile; fileRef = 3A302BCE1ED2BBC50088F7EE /* PinboardCollectionViewCell.m */; };
		3A302BD51ED2CDED0088F7EE /* NetworkHandler.m in Sources */ = {isa = PBXBuildFile; fileRef = 3A302BD41ED2CDED0088F7EE /* NetworkHandler.m */; };
		3A302BD91ED2D19C0088F7EE /* APIService.m in Sources */ = {isa = PBXBuildFile; fileRef = 3A302BD81ED2D19C0088F7EE /* APIService.m */; };
		3A302BDD1ED2DF2D0088F7EE /* PinBoardModel.m in Sources */ = {isa = PBXBuildFile; fileRef = 3A302BDC1ED2DF2D0088F7EE /* PinBoardModel.m */; };
		3A302BE11ED2E7F20088F7EE /* MBProgressHUD.m in Sources */ = {isa = PBXBuildFile; fileRef = 3A302BE01ED2E7F20088F7EE /* MBProgressHUD.m */; };
		3A7BB5491ED4BAFD00796AAD /* PinBoardDefaultHandler.m in Sources */ = {isa = PBXBuildFile; fileRef = 3A7BB5481ED4BAFD00796AAD /* PinBoardDefaultHandler.m */; };
		3A7BB54D1ED4CCE300796AAD /* ShowMoreCollectionViewCell.m in Sources */ = {isa = PBXBuildFile; fileRef = 3A7BB54B1ED4CCE300796AAD /* ShowMoreCollectionViewCell.m */; };
		3A7BB54E1ED4CCE300796AAD /* ShowMoreCollectionViewCell.xib in Resources */ = {isa = PBXBuildFile; fileRef = 3A7BB54C1ED4CCE300796AAD /* ShowMoreCollectionViewCell.xib */; };
		3A9E70F71ED5FB00001A8338 /* PinBoardViewController.m in Sources */ = {isa = PBXBuildFile; fileRef = 3A9E70F61ED5FB00001A8338 /* PinBoardViewController.m */; };
		3AAEBE1E1ED3FE1B0072E403 /* CacheManager.m in Sources */ = {isa = PBXBuildFile; fileRef = 3AAEBE1D1ED3FE1B0072E403 /* CacheManager.m */; };
		3ACBFBFE1ED69A6C00DC8EBB /* PendingOperations.m in Sources */ = {isa = PBXBuildFile; fileRef = 3ACBFBFD1ED69A6C00DC8EBB /* PendingOperations.m */; };
/* End PBXBuildFile section */

/* Begin PBXContainerItemProxy section */
		3A302BAF1ED2B24C0088F7EE /* PBXContainerItemProxy */ = {
			isa = PBXContainerItemProxy;
			containerPortal = 3A302B8D1ED2B24B0088F7EE /* Project object */;
			proxyType = 1;
			remoteGlobalIDString = 3A302B941ED2B24B0088F7EE;
			remoteInfo = Mind_Valley_Task;
		};
		3A302BBA1ED2B24C0088F7EE /* PBXContainerItemProxy */ = {
			isa = PBXContainerItemProxy;
			containerPortal = 3A302B8D1ED2B24B0088F7EE /* Project object */;
			proxyType = 1;
			remoteGlobalIDString = 3A302B941ED2B24B0088F7EE;
			remoteInfo = Mind_Valley_Task;
		};
/* End PBXContainerItemProxy section */

/* Begin PBXFileReference section */
		3A2B07641ED5974700606953 /* BoardHandler.h */ = {isa = PBXFileReference; fileEncoding = 4; lastKnownFileType = sourcecode.c.h; path = BoardHandler.h; sourceTree = "<group>"; };
		3A2B07651ED5974700606953 /* BoardHandler.m */ = {isa = PBXFileReference; fileEncoding = 4; lastKnownFileType = sourcecode.c.objc; path = BoardHandler.m; sourceTree = "<group>"; };
		3A2B07671ED597A400606953 /* PinBoardOnDemandHandler.h */ = {isa = PBXFileReference; fileEncoding = 4; lastKnownFileType = sourcecode.c.h; path = PinBoardOnDemandHandler.h; sourceTree = "<group>"; };
		3A2B07681ED597A400606953 /* PinBoardOnDemandHandler.m */ = {isa = PBXFileReference; fileEncoding = 4; lastKnownFileType = sourcecode.c.objc; path = PinBoardOnDemandHandler.m; sourceTree = "<group>"; };
		3A2B076A1ED5A8D400606953 /* OnDemandCollectionViewCell.h */ = {isa = PBXFileReference; fileEncoding = 4; lastKnownFileType = sourcecode.c.h; path = OnDemandCollectionViewCell.h; sourceTree = "<group>"; };
		3A2B076B1ED5A8D400606953 /* OnDemandCollectionViewCell.m */ = {isa = PBXFileReference; fileEncoding = 4; lastKnownFileType = sourcecode.c.objc; path = OnDemandCollectionViewCell.m; sourceTree = "<group>"; };
		3A2B076C1ED5A8D400606953 /* OnDemandCollectionViewCell.xib */ = {isa = PBXFileReference; fileEncoding = 4; lastKnownFileType = file.xib; path = OnDemandCollectionViewCell.xib; sourceTree = "<group>"; };
		3A302B951ED2B24B0088F7EE /* Mind_Valley_Task.app */ = {isa = PBXFileReference; explicitFileType = wrapper.application; includeInIndex = 0; path = Mind_Valley_Task.app; sourceTree = BUILT_PRODUCTS_DIR; };
		3A302B991ED2B24B0088F7EE /* main.m */ = {isa = PBXFileReference; lastKnownFileType = sourcecode.c.objc; path = main.m; sourceTree = "<group>"; };
		3A302B9B1ED2B24B0088F7EE /* AppDelegate.h */ = {isa = PBXFileReference; lastKnownFileType = sourcecode.c.h; path = AppDelegate.h; sourceTree = "<group>"; };
		3A302B9C1ED2B24B0088F7EE /* AppDelegate.m */ = {isa = PBXFileReference; lastKnownFileType = sourcecode.c.objc; path = AppDelegate.m; sourceTree = "<group>"; };
		3A302B9E1ED2B24B0088F7EE /* ViewController.h */ = {isa = PBXFileReference; lastKnownFileType = sourcecode.c.h; path = ViewController.h; sourceTree = "<group>"; };
		3A302B9F1ED2B24B0088F7EE /* ViewController.m */ = {isa = PBXFileReference; lastKnownFileType = sourcecode.c.objc; path = ViewController.m; sourceTree = "<group>"; };
		3A302BA21ED2B24B0088F7EE /* Base */ = {isa = PBXFileReference; lastKnownFileType = file.storyboard; name = Base; path = Base.lproj/Main.storyboard; sourceTree = "<group>"; };
		3A302BA41ED2B24B0088F7EE /* Assets.xcassets */ = {isa = PBXFileReference; lastKnownFileType = folder.assetcatalog; path = Assets.xcassets; sourceTree = "<group>"; };
		3A302BA71ED2B24B0088F7EE /* Base */ = {isa = PBXFileReference; lastKnownFileType = file.storyboard; name = Base; path = Base.lproj/LaunchScreen.storyboard; sourceTree = "<group>"; };
		3A302BA91ED2B24B0088F7EE /* Info.plist */ = {isa = PBXFileReference; lastKnownFileType = text.plist.xml; path = Info.plist; sourceTree = "<group>"; };
		3A302BAE1ED2B24C0088F7EE /* Mind_Valley_TaskTests.xctest */ = {isa = PBXFileReference; explicitFileType = wrapper.cfbundle; includeInIndex = 0; path = Mind_Valley_TaskTests.xctest; sourceTree = BUILT_PRODUCTS_DIR; };
		3A302BB21ED2B24C0088F7EE /* Mind_Valley_TaskTests.m */ = {isa = PBXFileReference; lastKnownFileType = sourcecode.c.objc; path = Mind_Valley_TaskTests.m; sourceTree = "<group>"; };
		3A302BB41ED2B24C0088F7EE /* Info.plist */ = {isa = PBXFileReference; lastKnownFileType = text.plist.xml; path = Info.plist; sourceTree = "<group>"; };
		3A302BB91ED2B24C0088F7EE /* Mind_Valley_TaskUITests.xctest */ = {isa = PBXFileReference; explicitFileType = wrapper.cfbundle; includeInIndex = 0; path = Mind_Valley_TaskUITests.xctest; sourceTree = BUILT_PRODUCTS_DIR; };
		3A302BBD1ED2B24C0088F7EE /* Mind_Valley_TaskUITests.m */ = {isa = PBXFileReference; lastKnownFileType = sourcecode.c.objc; path = Mind_Valley_TaskUITests.m; sourceTree = "<group>"; };
		3A302BBF1ED2B24C0088F7EE /* Info.plist */ = {isa = PBXFileReference; lastKnownFileType = text.plist.xml; path = Info.plist; sourceTree = "<group>"; };
		3A302BCD1ED2BBC50088F7EE /* PinboardCollectionViewCell.h */ = {isa = PBXFileReference; fileEncoding = 4; lastKnownFileType = sourcecode.c.h; path = PinboardCollectionViewCell.h; sourceTree = "<group>"; };
		3A302BCE1ED2BBC50088F7EE /* PinboardCollectionViewCell.m */ = {isa = PBXFileReference; fileEncoding = 4; lastKnownFileType = sourcecode.c.objc; path = PinboardCollectionViewCell.m; sourceTree = "<group>"; };
		3A302BD31ED2CDED0088F7EE /* NetworkHandler.h */ = {isa = PBXFileReference; fileEncoding = 4; lastKnownFileType = sourcecode.c.h; path = NetworkHandler.h; sourceTree = "<group>"; };
		3A302BD41ED2CDED0088F7EE /* NetworkHandler.m */ = {isa = PBXFileReference; fileEncoding = 4; lastKnownFileType = sourcecode.c.objc; path = NetworkHandler.m; sourceTree = "<group>"; };
		3A302BD71ED2D19C0088F7EE /* APIService.h */ = {isa = PBXFileReference; fileEncoding = 4; lastKnownFileType = sourcecode.c.h; path = APIService.h; sourceTree = "<group>"; };
		3A302BD81ED2D19C0088F7EE /* APIService.m */ = {isa = PBXFileReference; fileEncoding = 4; lastKnownFileType = sourcecode.c.objc; path = APIService.m; sourceTree = "<group>"; };
		3A302BDB1ED2DF2D0088F7EE /* PinBoardModel.h */ = {isa = PBXFileReference; fileEncoding = 4; lastKnownFileType = sourcecode.c.h; path = PinBoardModel.h; sourceTree = "<group>"; };
		3A302BDC1ED2DF2D0088F7EE /* PinBoardModel.m */ = {isa = PBXFileReference; fileEncoding = 4; lastKnownFileType = sourcecode.c.objc; path = PinBoardModel.m; sourceTree = "<group>"; };
		3A302BDF1ED2E7F20088F7EE /* MBProgressHUD.h */ = {isa = PBXFileReference; fileEncoding = 4; lastKnownFileType = sourcecode.c.h; path = MBProgressHUD.h; sourceTree = "<group>"; };
		3A302BE01ED2E7F20088F7EE /* MBProgressHUD.m */ = {isa = PBXFileReference; fileEncoding = 4; lastKnownFileType = sourcecode.c.objc; path = MBProgressHUD.m; sourceTree = "<group>"; };
		3A7BB5471ED4BAFD00796AAD /* PinBoardDefaultHandler.h */ = {isa = PBXFileReference; fileEncoding = 4; lastKnownFileType = sourcecode.c.h; path = PinBoardDefaultHandler.h; sourceTree = "<group>"; };
		3A7BB5481ED4BAFD00796AAD /* PinBoardDefaultHandler.m */ = {isa = PBXFileReference; fileEncoding = 4; lastKnownFileType = sourcecode.c.objc; path = PinBoardDefaultHandler.m; sourceTree = "<group>"; };
		3A7BB54A1ED4CCE300796AAD /* ShowMoreCollectionViewCell.h */ = {isa = PBXFileReference; fileEncoding = 4; lastKnownFileType = sourcecode.c.h; path = ShowMoreCollectionViewCell.h; sourceTree = "<group>"; };
		3A7BB54B1ED4CCE300796AAD /* ShowMoreCollectionViewCell.m */ = {isa = PBXFileReference; fileEncoding = 4; lastKnownFileType = sourcecode.c.objc; path = ShowMoreCollectionViewCell.m; sourceTree = "<group>"; };
		3A7BB54C1ED4CCE300796AAD /* ShowMoreCollectionViewCell.xib */ = {isa = PBXFileReference; fileEncoding = 4; lastKnownFileType = file.xib; path = ShowMoreCollectionViewCell.xib; sourceTree = "<group>"; };
		3A93CE7C1ED548EC00B6D739 /* PrefixHeader.pch */ = {isa = PBXFileReference; lastKnownFileType = sourcecode.c.h; path = PrefixHeader.pch; sourceTree = "<group>"; };
		3A93CE7D1ED5496600B6D739 /* Constant.h */ = {isa = PBXFileReference; lastKnownFileType = sourcecode.c.h; path = Constant.h; sourceTree = "<group>"; };
		3A9E70F51ED5FB00001A8338 /* PinBoardViewController.h */ = {isa = PBXFileReference; fileEncoding = 4; lastKnownFileType = sourcecode.c.h; path = PinBoardViewController.h; sourceTree = "<group>"; };
		3A9E70F61ED5FB00001A8338 /* PinBoardViewController.m */ = {isa = PBXFileReference; fileEncoding = 4; lastKnownFileType = sourcecode.c.objc; path = PinBoardViewController.m; sourceTree = "<group>"; };
		3AAEBE1C1ED3FE1B0072E403 /* CacheManager.h */ = {isa = PBXFileReference; fileEncoding = 4; lastKnownFileType = sourcecode.c.h; path = CacheManager.h; sourceTree = "<group>"; };
		3AAEBE1D1ED3FE1B0072E403 /* CacheManager.m */ = {isa = PBXFileReference; fileEncoding = 4; lastKnownFileType = sourcecode.c.objc; path = CacheManager.m; sourceTree = "<group>"; };
		3ACBFBFC1ED69A6C00DC8EBB /* PendingOperations.h */ = {isa = PBXFileReference; fileEncoding = 4; lastKnownFileType = sourcecode.c.h; path = PendingOperations.h; sourceTree = "<group>"; };
		3ACBFBFD1ED69A6C00DC8EBB /* PendingOperations.m */ = {isa = PBXFileReference; fileEncoding = 4; lastKnownFileType = sourcecode.c.objc; path = PendingOperations.m; sourceTree = "<group>"; };
/* End PBXFileReference section */

/* Begin PBXFrameworksBuildPhase section */
		3A302B921ED2B24B0088F7EE /* Frameworks */ = {
			isa = PBXFrameworksBuildPhase;
			buildActionMask = 2147483647;
			files = (
			);
			runOnlyForDeploymentPostprocessing = 0;
		};
		3A302BAB1ED2B24C0088F7EE /* Frameworks */ = {
			isa = PBXFrameworksBuildPhase;
			buildActionMask = 2147483647;
			files = (
			);
			runOnlyForDeploymentPostprocessing = 0;
		};
		3A302BB61ED2B24C0088F7EE /* Frameworks */ = {
			isa = PBXFrameworksBuildPhase;
			buildActionMask = 2147483647;
			files = (
			);
			runOnlyForDeploymentPostprocessing = 0;
		};
/* End PBXFrameworksBuildPhase section */

/* Begin PBXGroup section */
		3A302B8C1ED2B24B0088F7EE = {
			isa = PBXGroup;
			children = (
				3A302B971ED2B24B0088F7EE /* Mind_Valley_Task */,
				3A302BB11ED2B24C0088F7EE /* Mind_Valley_TaskTests */,
				3A302BBC1ED2B24C0088F7EE /* Mind_Valley_TaskUITests */,
				3A302B961ED2B24B0088F7EE /* Products */,
			);
			sourceTree = "<group>";
		};
		3A302B961ED2B24B0088F7EE /* Products */ = {
			isa = PBXGroup;
			children = (
				3A302B951ED2B24B0088F7EE /* Mind_Valley_Task.app */,
				3A302BAE1ED2B24C0088F7EE /* Mind_Valley_TaskTests.xctest */,
				3A302BB91ED2B24C0088F7EE /* Mind_Valley_TaskUITests.xctest */,
			);
			name = Products;
			sourceTree = "<group>";
		};
		3A302B971ED2B24B0088F7EE /* Mind_Valley_Task */ = {
			isa = PBXGroup;
			children = (
				3ACBFBFB1ED69A5D00DC8EBB /* Class */,
				3A9E70F41ED5FAEB001A8338 /* Controller */,
				3A7BB5461ED4BAE200796AAD /* Handler */,
				3AAEBE1B1ED3FE060072E403 /* Cache Mechanism */,
				3A302BDE1ED2E7E60088F7EE /* Library */,
				3A302BDA1ED2DF140088F7EE /* Model */,
				3A302BD61ED2D1840088F7EE /* API Service */,
				3A302BD21ED2CC5F0088F7EE /* NetworkManager */,
				3A302BCC1ED2BB510088F7EE /* CustomCell */,
				3A302BCB1ED2B2590088F7EE /* ImageLoader */,
				3A302B9B1ED2B24B0088F7EE /* AppDelegate.h */,
				3A302B9C1ED2B24B0088F7EE /* AppDelegate.m */,
				3A302B9E1ED2B24B0088F7EE /* ViewController.h */,
				3A302B9F1ED2B24B0088F7EE /* ViewController.m */,
				3A302BA11ED2B24B0088F7EE /* Main.storyboard */,
				3A302BA41ED2B24B0088F7EE /* Assets.xcassets */,
				3A302BA61ED2B24B0088F7EE /* LaunchScreen.storyboard */,
				3A302BA91ED2B24B0088F7EE /* Info.plist */,
				3A302B981ED2B24B0088F7EE /* Supporting Files */,
				3A93CE7C1ED548EC00B6D739 /* PrefixHeader.pch */,
				3A93CE7D1ED5496600B6D739 /* Constant.h */,
			);
			path = Mind_Valley_Task;
			sourceTree = "<group>";
		};
		3A302B981ED2B24B0088F7EE /* Supporting Files */ = {
			isa = PBXGroup;
			children = (
				3A302B991ED2B24B0088F7EE /* main.m */,
			);
			name = "Supporting Files";
			sourceTree = "<group>";
		};
		3A302BB11ED2B24C0088F7EE /* Mind_Valley_TaskTests */ = {
			isa = PBXGroup;
			children = (
				3A302BB21ED2B24C0088F7EE /* Mind_Valley_TaskTests.m */,
				3A302BB41ED2B24C0088F7EE /* Info.plist */,
			);
			path = Mind_Valley_TaskTests;
			sourceTree = "<group>";
		};
		3A302BBC1ED2B24C0088F7EE /* Mind_Valley_TaskUITests */ = {
			isa = PBXGroup;
			children = (
				3A302BBD1ED2B24C0088F7EE /* Mind_Valley_TaskUITests.m */,
				3A302BBF1ED2B24C0088F7EE /* Info.plist */,
			);
			path = Mind_Valley_TaskUITests;
			sourceTree = "<group>";
		};
		3A302BCB1ED2B2590088F7EE /* ImageLoader */ = {
			isa = PBXGroup;
			children = (
			);
			name = ImageLoader;
			sourceTree = "<group>";
		};
		3A302BCC1ED2BB510088F7EE /* CustomCell */ = {
			isa = PBXGroup;
			children = (
				3A302BCD1ED2BBC50088F7EE /* PinboardCollectionViewCell.h */,
				3A302BCE1ED2BBC50088F7EE /* PinboardCollectionViewCell.m */,
				3A7BB54A1ED4CCE300796AAD /* ShowMoreCollectionViewCell.h */,
				3A7BB54B1ED4CCE300796AAD /* ShowMoreCollectionViewCell.m */,
				3A7BB54C1ED4CCE300796AAD /* ShowMoreCollectionViewCell.xib */,
				3A2B076A1ED5A8D400606953 /* OnDemandCollectionViewCell.h */,
				3A2B076B1ED5A8D400606953 /* OnDemandCollectionViewCell.m */,
				3A2B076C1ED5A8D400606953 /* OnDemandCollectionViewCell.xib */,
			);
			name = CustomCell;
			sourceTree = "<group>";
		};
		3A302BD21ED2CC5F0088F7EE /* NetworkManager */ = {
			isa = PBXGroup;
			children = (
				3A302BD31ED2CDED0088F7EE /* NetworkHandler.h */,
				3A302BD41ED2CDED0088F7EE /* NetworkHandler.m */,
			);
			name = NetworkManager;
			sourceTree = "<group>";
		};
		3A302BD61ED2D1840088F7EE /* API Service */ = {
			isa = PBXGroup;
			children = (
				3A302BD71ED2D19C0088F7EE /* APIService.h */,
				3A302BD81ED2D19C0088F7EE /* APIService.m */,
			);
			name = "API Service";
			sourceTree = "<group>";
		};
		3A302BDA1ED2DF140088F7EE /* Model */ = {
			isa = PBXGroup;
			children = (
				3A302BDB1ED2DF2D0088F7EE /* PinBoardModel.h */,
				3A302BDC1ED2DF2D0088F7EE /* PinBoardModel.m */,
			);
			name = Model;
			sourceTree = "<group>";
		};
		3A302BDE1ED2E7E60088F7EE /* Library */ = {
			isa = PBXGroup;
			children = (
				3A302BDF1ED2E7F20088F7EE /* MBProgressHUD.h */,
				3A302BE01ED2E7F20088F7EE /* MBProgressHUD.m */,
			);
			name = Library;
			sourceTree = "<group>";
		};
		3A7BB5461ED4BAE200796AAD /* Handler */ = {
			isa = PBXGroup;
			children = (
				3A7BB5471ED4BAFD00796AAD /* PinBoardDefaultHandler.h */,
				3A7BB5481ED4BAFD00796AAD /* PinBoardDefaultHandler.m */,
				3A2B07641ED5974700606953 /* BoardHandler.h */,
				3A2B07651ED5974700606953 /* BoardHandler.m */,
				3A2B07671ED597A400606953 /* PinBoardOnDemandHandler.h */,
				3A2B07681ED597A400606953 /* PinBoardOnDemandHandler.m */,
			);
			name = Handler;
			sourceTree = "<group>";
		};
		3A9E70F41ED5FAEB001A8338 /* Controller */ = {
			isa = PBXGroup;
			children = (
				3A9E70F51ED5FB00001A8338 /* PinBoardViewController.h */,
				3A9E70F61ED5FB00001A8338 /* PinBoardViewController.m */,
			);
			name = Controller;
			sourceTree = "<group>";
		};
		3AAEBE1B1ED3FE060072E403 /* Cache Mechanism */ = {
			isa = PBXGroup;
			children = (
				3AAEBE1C1ED3FE1B0072E403 /* CacheManager.h */,
				3AAEBE1D1ED3FE1B0072E403 /* CacheManager.m */,
			);
			name = "Cache Mechanism";
			sourceTree = "<group>";
		};
		3ACBFBFB1ED69A5D00DC8EBB /* Class */ = {
			isa = PBXGroup;
			children = (
				3ACBFBFC1ED69A6C00DC8EBB /* PendingOperations.h */,
				3ACBFBFD1ED69A6C00DC8EBB /* PendingOperations.m */,
			);
			name = Class;
			sourceTree = "<group>";
		};
/* End PBXGroup section */

/* Begin PBXNativeTarget section */
		3A302B941ED2B24B0088F7EE /* Mind_Valley_Task */ = {
			isa = PBXNativeTarget;
			buildConfigurationList = 3A302BC21ED2B24C0088F7EE /* Build configuration list for PBXNativeTarget "Mind_Valley_Task" */;
			buildPhases = (
				3A302B911ED2B24B0088F7EE /* Sources */,
				3A302B921ED2B24B0088F7EE /* Frameworks */,
				3A302B931ED2B24B0088F7EE /* Resources */,
			);
			buildRules = (
			);
			dependencies = (
			);
			name = Mind_Valley_Task;
			productName = Mind_Valley_Task;
			productReference = 3A302B951ED2B24B0088F7EE /* Mind_Valley_Task.app */;
			productType = "com.apple.product-type.application";
		};
		3A302BAD1ED2B24C0088F7EE /* Mind_Valley_TaskTests */ = {
			isa = PBXNativeTarget;
			buildConfigurationList = 3A302BC51ED2B24C0088F7EE /* Build configuration list for PBXNativeTarget "Mind_Valley_TaskTests" */;
			buildPhases = (
				3A302BAA1ED2B24C0088F7EE /* Sources */,
				3A302BAB1ED2B24C0088F7EE /* Frameworks */,
				3A302BAC1ED2B24C0088F7EE /* Resources */,
			);
			buildRules = (
			);
			dependencies = (
				3A302BB01ED2B24C0088F7EE /* PBXTargetDependency */,
			);
			name = Mind_Valley_TaskTests;
			productName = Mind_Valley_TaskTests;
			productReference = 3A302BAE1ED2B24C0088F7EE /* Mind_Valley_TaskTests.xctest */;
			productType = "com.apple.product-type.bundle.unit-test";
		};
		3A302BB81ED2B24C0088F7EE /* Mind_Valley_TaskUITests */ = {
			isa = PBXNativeTarget;
			buildConfigurationList = 3A302BC81ED2B24C0088F7EE /* Build configuration list for PBXNativeTarget "Mind_Valley_TaskUITests" */;
			buildPhases = (
				3A302BB51ED2B24C0088F7EE /* Sources */,
				3A302BB61ED2B24C0088F7EE /* Frameworks */,
				3A302BB71ED2B24C0088F7EE /* Resources */,
			);
			buildRules = (
			);
			dependencies = (
				3A302BBB1ED2B24C0088F7EE /* PBXTargetDependency */,
			);
			name = Mind_Valley_TaskUITests;
			productName = Mind_Valley_TaskUITests;
			productReference = 3A302BB91ED2B24C0088F7EE /* Mind_Valley_TaskUITests.xctest */;
			productType = "com.apple.product-type.bundle.ui-testing";
		};
/* End PBXNativeTarget section */

/* Begin PBXProject section */
		3A302B8D1ED2B24B0088F7EE /* Project object */ = {
			isa = PBXProject;
			attributes = {
				LastUpgradeCheck = 0820;
				ORGANIZATIONNAME = "Ali Akhtar";
				TargetAttributes = {
					3A302B941ED2B24B0088F7EE = {
						CreatedOnToolsVersion = 8.2.1;
						ProvisioningStyle = Automatic;
					};
					3A302BAD1ED2B24C0088F7EE = {
						CreatedOnToolsVersion = 8.2.1;
						ProvisioningStyle = Automatic;
						TestTargetID = 3A302B941ED2B24B0088F7EE;
					};
					3A302BB81ED2B24C0088F7EE = {
						CreatedOnToolsVersion = 8.2.1;
						ProvisioningStyle = Automatic;
						TestTargetID = 3A302B941ED2B24B0088F7EE;
					};
				};
			};
			buildConfigurationList = 3A302B901ED2B24B0088F7EE /* Build configuration list for PBXProject "Mind_Valley_Task" */;
			compatibilityVersion = "Xcode 3.2";
			developmentRegion = English;
			hasScannedForEncodings = 0;
			knownRegions = (
				en,
				Base,
			);
			mainGroup = 3A302B8C1ED2B24B0088F7EE;
			productRefGroup = 3A302B961ED2B24B0088F7EE /* Products */;
			projectDirPath = "";
			projectRoot = "";
			targets = (
				3A302B941ED2B24B0088F7EE /* Mind_Valley_Task */,
				3A302BAD1ED2B24C0088F7EE /* Mind_Valley_TaskTests */,
				3A302BB81ED2B24C0088F7EE /* Mind_Valley_TaskUITests */,
			);
		};
/* End PBXProject section */

/* Begin PBXResourcesBuildPhase section */
		3A302B931ED2B24B0088F7EE /* Resources */ = {
			isa = PBXResourcesBuildPhase;
			buildActionMask = 2147483647;
			files = (
				3A302BA81ED2B24B0088F7EE /* LaunchScreen.storyboard in Resources */,
				3A7BB54E1ED4CCE300796AAD /* ShowMoreCollectionViewCell.xib in Resources */,
				3A302BA51ED2B24B0088F7EE /* Assets.xcassets in Resources */,
				3A2B076E1ED5A8D400606953 /* OnDemandCollectionViewCell.xib in Resources */,
				3A302BA31ED2B24B0088F7EE /* Main.storyboard in Resources */,
			);
			runOnlyForDeploymentPostprocessing = 0;
		};
		3A302BAC1ED2B24C0088F7EE /* Resources */ = {
			isa = PBXResourcesBuildPhase;
			buildActionMask = 2147483647;
			files = (
			);
			runOnlyForDeploymentPostprocessing = 0;
		};
		3A302BB71ED2B24C0088F7EE /* Resources */ = {
			isa = PBXResourcesBuildPhase;
			buildActionMask = 2147483647;
			files = (
			);
			runOnlyForDeploymentPostprocessing = 0;
		};
/* End PBXResourcesBuildPhase section */

/* Begin PBXSourcesBuildPhase section */
		3A302B911ED2B24B0088F7EE /* Sources */ = {
			isa = PBXSourcesBuildPhase;
			buildActionMask = 2147483647;
			files = (
				3A302BD91ED2D19C0088F7EE /* APIService.m in Sources */,
				3A7BB54D1ED4CCE300796AAD /* ShowMoreCollectionViewCell.m in Sources */,
				3A302BA01ED2B24B0088F7EE /* ViewController.m in Sources */,
				3A302BCF1ED2BBC50088F7EE /* PinboardCollectionViewCell.m in Sources */,
				3A302B9D1ED2B24B0088F7EE /* AppDelegate.m in Sources */,
				3AAEBE1E1ED3FE1B0072E403 /* CacheManager.m in Sources */,
				3A9E70F71ED5FB00001A8338 /* PinBoardViewController.m in Sources */,
				3A302B9A1ED2B24B0088F7EE /* main.m in Sources */,
				3A2B07661ED5974700606953 /* BoardHandler.m in Sources */,
				3A302BDD1ED2DF2D0088F7EE /* PinBoardModel.m in Sources */,
				3A7BB5491ED4BAFD00796AAD /* PinBoardDefaultHandler.m in Sources */,
				3ACBFBFE1ED69A6C00DC8EBB /* PendingOperations.m in Sources */,
				3A302BD51ED2CDED0088F7EE /* NetworkHandler.m in Sources */,
				3A2B07691ED597A400606953 /* PinBoardOnDemandHandler.m in Sources */,
				3A2B076D1ED5A8D400606953 /* OnDemandCollectionViewCell.m in Sources */,
				3A302BE11ED2E7F20088F7EE /* MBProgressHUD.m in Sources */,
			);
			runOnlyForDeploymentPostprocessing = 0;
		};
		3A302BAA1ED2B24C0088F7EE /* Sources */ = {
			isa = PBXSourcesBuildPhase;
			buildActionMask = 2147483647;
			files = (
				3A302BB31ED2B24C0088F7EE /* Mind_Valley_TaskTests.m in Sources */,
			);
			runOnlyForDeploymentPostprocessing = 0;
		};
		3A302BB51ED2B24C0088F7EE /* Sources */ = {
			isa = PBXSourcesBuildPhase;
			buildActionMask = 2147483647;
			files = (
				3A302BBE1ED2B24C0088F7EE /* Mind_Valley_TaskUITests.m in Sources */,
			);
			runOnlyForDeploymentPostprocessing = 0;
		};
/* End PBXSourcesBuildPhase section */

/* Begin PBXTargetDependency section */
		3A302BB01ED2B24C0088F7EE /* PBXTargetDependency */ = {
			isa = PBXTargetDependency;
			target = 3A302B941ED2B24B0088F7EE /* Mind_Valley_Task */;
			targetProxy = 3A302BAF1ED2B24C0088F7EE /* PBXContainerItemProxy */;
		};
		3A302BBB1ED2B24C0088F7EE /* PBXTargetDependency */ = {
			isa = PBXTargetDependency;
			target = 3A302B941ED2B24B0088F7EE /* Mind_Valley_Task */;
			targetProxy = 3A302BBA1ED2B24C0088F7EE /* PBXContainerItemProxy */;
		};
/* End PBXTargetDependency section */

/* Begin PBXVariantGroup section */
		3A302BA11ED2B24B0088F7EE /* Main.storyboard */ = {
			isa = PBXVariantGroup;
			children = (
				3A302BA21ED2B24B0088F7EE /* Base */,
			);
			name = Main.storyboard;
			sourceTree = "<group>";
		};
		3A302BA61ED2B24B0088F7EE /* LaunchScreen.storyboard */ = {
			isa = PBXVariantGroup;
			children = (
				3A302BA71ED2B24B0088F7EE /* Base */,
			);
			name = LaunchScreen.storyboard;
			sourceTree = "<group>";
		};
/* End PBXVariantGroup section */

/* Begin XCBuildConfiguration section */
		3A302BC01ED2B24C0088F7EE /* Debug */ = {
			isa = XCBuildConfiguration;
			buildSettings = {
				ALWAYS_SEARCH_USER_PATHS = NO;
				CLANG_ANALYZER_NONNULL = YES;
				CLANG_CXX_LANGUAGE_STANDARD = "gnu++0x";
				CLANG_CXX_LIBRARY = "libc++";
				CLANG_ENABLE_MODULES = YES;
				CLANG_ENABLE_OBJC_ARC = YES;
				CLANG_WARN_BOOL_CONVERSION = YES;
				CLANG_WARN_CONSTANT_CONVERSION = YES;
				CLANG_WARN_DIRECT_OBJC_ISA_USAGE = YES_ERROR;
				CLANG_WARN_DOCUMENTATION_COMMENTS = YES;
				CLANG_WARN_EMPTY_BODY = YES;
				CLANG_WARN_ENUM_CONVERSION = YES;
				CLANG_WARN_INFINITE_RECURSION = YES;
				CLANG_WARN_INT_CONVERSION = YES;
				CLANG_WARN_OBJC_ROOT_CLASS = YES_ERROR;
				CLANG_WARN_SUSPICIOUS_MOVE = YES;
				CLANG_WARN_UNREACHABLE_CODE = YES;
				CLANG_WARN__DUPLICATE_METHOD_MATCH = YES;
				"CODE_SIGN_IDENTITY[sdk=iphoneos*]" = "iPhone Developer";
				COPY_PHASE_STRIP = NO;
				DEBUG_INFORMATION_FORMAT = dwarf;
				ENABLE_STRICT_OBJC_MSGSEND = YES;
				ENABLE_TESTABILITY = YES;
				GCC_C_LANGUAGE_STANDARD = gnu99;
				GCC_DYNAMIC_NO_PIC = NO;
				GCC_NO_COMMON_BLOCKS = YES;
				GCC_OPTIMIZATION_LEVEL = 0;
				GCC_PRECOMPILE_PREFIX_HEADER = YES;
				GCC_PREFIX_HEADER = "$(SRCROOT)/$(PROJECT_NAME)/PrefixHeader.pch";
				GCC_PREPROCESSOR_DEFINITIONS = (
					"DEBUG=1",
					"$(inherited)",
				);
				GCC_WARN_64_TO_32_BIT_CONVERSION = YES;
				GCC_WARN_ABOUT_RETURN_TYPE = YES_ERROR;
				GCC_WARN_UNDECLARED_SELECTOR = YES;
				GCC_WARN_UNINITIALIZED_AUTOS = YES_AGGRESSIVE;
				GCC_WARN_UNUSED_FUNCTION = YES;
				GCC_WARN_UNUSED_VARIABLE = YES;
				IPHONEOS_DEPLOYMENT_TARGET = 10.2;
				MTL_ENABLE_DEBUG_INFO = YES;
				ONLY_ACTIVE_ARCH = YES;
				SDKROOT = iphoneos;
			};
			name = Debug;
		};
		3A302BC11ED2B24C0088F7EE /* Release */ = {
			isa = XCBuildConfiguration;
			buildSettings = {
				ALWAYS_SEARCH_USER_PATHS = NO;
				CLANG_ANALYZER_NONNULL = YES;
				CLANG_CXX_LANGUAGE_STANDARD = "gnu++0x";
				CLANG_CXX_LIBRARY = "libc++";
				CLANG_ENABLE_MODULES = YES;
				CLANG_ENABLE_OBJC_ARC = YES;
				CLANG_WARN_BOOL_CONVERSION = YES;
				CLANG_WARN_CONSTANT_CONVERSION = YES;
				CLANG_WARN_DIRECT_OBJC_ISA_USAGE = YES_ERROR;
				CLANG_WARN_DOCUMENTATION_COMMENTS = YES;
				CLANG_WARN_EMPTY_BODY = YES;
				CLANG_WARN_ENUM_CONVERSION = YES;
				CLANG_WARN_INFINITE_RECURSION = YES;
				CLANG_WARN_INT_CONVERSION = YES;
				CLANG_WARN_OBJC_ROOT_CLASS = YES_ERROR;
				CLANG_WARN_SUSPICIOUS_MOVE = YES;
				CLANG_WARN_UNREACHABLE_CODE = YES;
				CLANG_WARN__DUPLICATE_METHOD_MATCH = YES;
				"CODE_SIGN_IDENTITY[sdk=iphoneos*]" = "iPhone Developer";
				COPY_PHASE_STRIP = NO;
				DEBUG_INFORMATION_FORMAT = "dwarf-with-dsym";
				ENABLE_NS_ASSERTIONS = NO;
				ENABLE_STRICT_OBJC_MSGSEND = YES;
				GCC_C_LANGUAGE_STANDARD = gnu99;
				GCC_NO_COMMON_BLOCKS = YES;
				GCC_PRECOMPILE_PREFIX_HEADER = YES;
				GCC_PREFIX_HEADER = "$(SRCROOT)/$(PROJECT_NAME)/PrefixHeader.pch";
				GCC_WARN_64_TO_32_BIT_CONVERSION = YES;
				GCC_WARN_ABOUT_RETURN_TYPE = YES_ERROR;
				GCC_WARN_UNDECLARED_SELECTOR = YES;
				GCC_WARN_UNINITIALIZED_AUTOS = YES_AGGRESSIVE;
				GCC_WARN_UNUSED_FUNCTION = YES;
				GCC_WARN_UNUSED_VARIABLE = YES;
				IPHONEOS_DEPLOYMENT_TARGET = 10.2;
				MTL_ENABLE_DEBUG_INFO = NO;
				SDKROOT = iphoneos;
				VALIDATE_PRODUCT = YES;
			};
			name = Release;
		};
		3A302BC31ED2B24C0088F7EE /* Debug */ = {
			isa = XCBuildConfiguration;
			buildSettings = {
				ASSETCATALOG_COMPILER_APPICON_NAME = AppIcon;
				INFOPLIST_FILE = Mind_Valley_Task/Info.plist;
				LD_RUNPATH_SEARCH_PATHS = "$(inherited) @executable_path/Frameworks";
				PRODUCT_BUNDLE_IDENTIFIER = "com.mindvalley.Mind-Valley-Task";
				PRODUCT_NAME = "$(TARGET_NAME)";
			};
			name = Debug;
		};
		3A302BC41ED2B24C0088F7EE /* Release */ = {
			isa = XCBuildConfiguration;
			buildSettings = {
				ASSETCATALOG_COMPILER_APPICON_NAME = AppIcon;
				INFOPLIST_FILE = Mind_Valley_Task/Info.plist;
				LD_RUNPATH_SEARCH_PATHS = "$(inherited) @executable_path/Frameworks";
				PRODUCT_BUNDLE_IDENTIFIER = "com.mindvalley.Mind-Valley-Task";
				PRODUCT_NAME = "$(TARGET_NAME)";
			};
			name = Release;
		};
		3A302BC61ED2B24C0088F7EE /* Debug */ = {
			isa = XCBuildConfiguration;
			buildSettings = {
				BUNDLE_LOADER = "$(TEST_HOST)";
				INFOPLIST_FILE = Mind_Valley_TaskTests/Info.plist;
				LD_RUNPATH_SEARCH_PATHS = "$(inherited) @executable_path/Frameworks @loader_path/Frameworks";
				PRODUCT_BUNDLE_IDENTIFIER = "com.mindvalley.Mind-Valley-TaskTests";
				PRODUCT_NAME = "$(TARGET_NAME)";
				TEST_HOST = "$(BUILT_PRODUCTS_DIR)/Mind_Valley_Task.app/Mind_Valley_Task";
			};
			name = Debug;
		};
		3A302BC71ED2B24C0088F7EE /* Release */ = {
			isa = XCBuildConfiguration;
			buildSettings = {
				BUNDLE_LOADER = "$(TEST_HOST)";
				INFOPLIST_FILE = Mind_Valley_TaskTests/Info.plist;
				LD_RUNPATH_SEARCH_PATHS = "$(inherited) @executable_path/Frameworks @loader_path/Frameworks";
				PRODUCT_BUNDLE_IDENTIFIER = "com.mindvalley.Mind-Valley-TaskTests";
				PRODUCT_NAME = "$(TARGET_NAME)";
				TEST_HOST = "$(BUILT_PRODUCTS_DIR)/Mind_Valley_Task.app/Mind_Valley_Task";
			};
			name = Release;
		};
		3A302BC91ED2B24C0088F7EE /* Debug */ = {
			isa = XCBuildConfiguration;
			buildSettings = {
				INFOPLIST_FILE = Mind_Valley_TaskUITests/Info.plist;
				LD_RUNPATH_SEARCH_PATHS = "$(inherited) @executable_path/Frameworks @loader_path/Frameworks";
				PRODUCT_BUNDLE_IDENTIFIER = "com.mindvalley.Mind-Valley-TaskUITests";
				PRODUCT_NAME = "$(TARGET_NAME)";
				TEST_TARGET_NAME = Mind_Valley_Task;
			};
			name = Debug;
		};
		3A302BCA1ED2B24C0088F7EE /* Release */ = {
			isa = XCBuildConfiguration;
			buildSettings = {
				INFOPLIST_FILE = Mind_Valley_TaskUITests/Info.plist;
				LD_RUNPATH_SEARCH_PATHS = "$(inherited) @executable_path/Frameworks @loader_path/Frameworks";
				PRODUCT_BUNDLE_IDENTIFIER = "com.mindvalley.Mind-Valley-TaskUITests";
				PRODUCT_NAME = "$(TARGET_NAME)";
				TEST_TARGET_NAME = Mind_Valley_Task;
			};
			name = Release;
		};
/* End XCBuildConfiguration section */

/* Begin XCConfigurationList section */
		3A302B901ED2B24B0088F7EE /* Build configuration list for PBXProject "Mind_Valley_Task" */ = {
			isa = XCConfigurationList;
			buildConfigurations = (
				3A302BC01ED2B24C0088F7EE /* Debug */,
				3A302BC11ED2B24C0088F7EE /* Release */,
			);
			defaultConfigurationIsVisible = 0;
			defaultConfigurationName = Release;
		};
		3A302BC21ED2B24C0088F7EE /* Build configuration list for PBXNativeTarget "Mind_Valley_Task" */ = {
			isa = XCConfigurationList;
			buildConfigurations = (
				3A302BC31ED2B24C0088F7EE /* Debug */,
				3A302BC41ED2B24C0088F7EE /* Release */,
			);
			defaultConfigurationIsVisible = 0;
			defaultConfigurationName = Release;
		};
		3A302BC51ED2B24C0088F7EE /* Build configuration list for PBXNativeTarget "Mind_Valley_TaskTests" */ = {
			isa = XCConfigurationList;
			buildConfigurations = (
				3A302BC61ED2B24C0088F7EE /* Debug */,
				3A302BC71ED2B24C0088F7EE /* Release */,
			);
			defaultConfigurationIsVisible = 0;
			defaultConfigurationName = Release;
		};
		3A302BC81ED2B24C0088F7EE /* Build configuration list for PBXNativeTarget "Mind_Valley_TaskUITests" */ = {
			isa = XCConfigurationList;
			buildConfigurations = (
				3A302BC91ED2B24C0088F7EE /* Debug */,
				3A302BCA1ED2B24C0088F7EE /* Release */,
			);
			defaultConfigurationIsVisible = 0;
			defaultConfigurationName = Release;
		};
/* End XCConfigurationList section */
	};
	rootObject = 3A302B8D1ED2B24B0088F7EE /* Project object */;
}
